
Microsoft Visual Studio Solution File, Format Version 12.00
# Visual Studio 15
VisualStudioVersion = 15.0.28307.489
MinimumVisualStudioVersion = 10.0.40219.1
Project("{FAE04EC0-301F-11D3-BF4B-00C04F79EFBC}") = "WpfVisualisation", "CellularAutomaton\WpfVisualisation.csproj", "{9DE9B0DF-31D7-4825-9FAC-24B618BB18E7}"
EndProject
Project("{FAE04EC0-301F-11D3-BF4B-00C04F79EFBC}") = "EngineProject", "EngineProject\EngineProject.csproj", "{03E8E699-D85E-4F75-A303-86B1FC00328C}"
EndProject
Project("{FAE04EC0-301F-11D3-BF4B-00C04F79EFBC}") = "CellularAutomationTests", "CellularAutomationTests\CellularAutomationTests.csproj", "{0375F06A-7C4B-4036-B074-6D4B8E64E108}"
EndProject
Global
	GlobalSection(SolutionConfigurationPlatforms) = preSolution
		Debug|Any CPU = Debug|Any CPU
		Release|Any CPU = Release|Any CPU
	EndGlobalSection
	GlobalSection(ProjectConfigurationPlatforms) = postSolution
		{9DE9B0DF-31D7-4825-9FAC-24B618BB18E7}.Debug|Any CPU.ActiveCfg = Debug|Any CPU
		{9DE9B0DF-31D7-4825-9FAC-24B618BB18E7}.Debug|Any CPU.Build.0 = Debug|Any CPU
		{9DE9B0DF-31D7-4825-9FAC-24B618BB18E7}.Release|Any CPU.ActiveCfg = Release|Any CPU
		{9DE9B0DF-31D7-4825-9FAC-24B618BB18E7}.Release|Any CPU.Build.0 = Release|Any CPU
		{03E8E699-D85E-4F75-A303-86B1FC00328C}.Debug|Any CPU.ActiveCfg = Debug|Any CPU
		{03E8E699-D85E-4F75-A303-86B1FC00328C}.Debug|Any CPU.Build.0 = Debug|Any CPU
		{03E8E699-D85E-4F75-A303-86B1FC00328C}.Release|Any CPU.ActiveCfg = Release|Any CPU
		{03E8E699-D85E-4F75-A303-86B1FC00328C}.Release|Any CPU.Build.0 = Release|Any CPU
		{0375F06A-7C4B-4036-B074-6D4B8E64E108}.Debug|Any CPU.ActiveCfg = Debug|Any CPU
		{0375F06A-7C4B-4036-B074-6D4B8E64E108}.Debug|Any CPU.Build.0 = Debug|Any CPU
		{0375F06A-7C4B-4036-B074-6D4B8E64E108}.Release|Any CPU.ActiveCfg = Release|Any CPU
		{0375F06A-7C4B-4036-B074-6D4B8E64E108}.Release|Any CPU.Build.0 = Release|Any CPU
	EndGlobalSection
	GlobalSection(SolutionProperties) = preSolution
		HideSolutionNode = FALSE
	EndGlobalSection
	GlobalSection(ExtensibilityGlobals) = postSolution
		SolutionGuid = {887E4EF4-5C61-402D-8C00-747A19DC9D41}
	EndGlobalSection
EndGlobal
